
Microsoft Visual Studio Solution File, Format Version 12.00
# Visual Studio Version 17
VisualStudioVersion = 17.6.33829.357
MinimumVisualStudioVersion = 10.0.40219.1
Project("{FAE04EC0-301F-11D3-BF4B-00C04F79EFBC}") = "ArraysInLoopsDemo", "ArraysInLoopsDemo\ArraysInLoopsDemo.csproj", "{2A96D175-9400-4B7C-9290-E6003BE1AC84}"
EndProject
Global
	GlobalSection(SolutionConfigurationPlatforms) = preSolution
		Debug|Any CPU = Debug|Any CPU
		Release|Any CPU = Release|Any CPU
	EndGlobalSection
	GlobalSection(ProjectConfigurationPlatforms) = postSolution
		{2A96D175-9400-4B7C-9290-E6003BE1AC84}.Debug|Any CPU.ActiveCfg = Debug|Any CPU
		{2A96D175-9400-4B7C-9290-E6003BE1AC84}.Debug|Any CPU.Build.0 = Debug|Any CPU
		{2A96D175-9400-4B7C-9290-E6003BE1AC84}.Release|Any CPU.ActiveCfg = Release|Any CPU
		{2A96D175-9400-4B7C-9290-E6003BE1AC84}.Release|Any CPU.Build.0 = Release|Any CPU
	EndGlobalSection
	GlobalSection(SolutionProperties) = preSolution
		HideSolutionNode = FALSE
	EndGlobalSection
	GlobalSection(ExtensibilityGlobals) = postSolution
		SolutionGuid = {3A6CCEE9-EC3D-44D7-9E18-C7A42B32FCD4}
	EndGlobalSection
EndGlobal
